
Microsoft Visual Studio Solution File, Format Version 12.00
# Visual Studio 15
VisualStudioVersion = 15.0.28307.489
MinimumVisualStudioVersion = 10.0.40219.1
Project("{FAE04EC0-301F-11D3-BF4B-00C04F79EFBC}") = "GameStore.Domain", "GameStore.Domain\GameStore.Domain.csproj", "{92BA9002-253C-4AE2-8DF8-A99F739E620C}"
EndProject
Project("{FAE04EC0-301F-11D3-BF4B-00C04F79EFBC}") = "GameStore.WebUI", "GameStore.WebUI\GameStore.WebUI.csproj", "{75151F8F-89B0-4DCD-8DB9-44B910827AB5}"
EndProject
Global
	GlobalSection(SolutionConfigurationPlatforms) = preSolution
		Debug|Any CPU = Debug|Any CPU
		Release|Any CPU = Release|Any CPU
	EndGlobalSection
	GlobalSection(ProjectConfigurationPlatforms) = postSolution
		{92BA9002-253C-4AE2-8DF8-A99F739E620C}.Debug|Any CPU.ActiveCfg = Debug|Any CPU
		{92BA9002-253C-4AE2-8DF8-A99F739E620C}.Debug|Any CPU.Build.0 = Debug|Any CPU
		{92BA9002-253C-4AE2-8DF8-A99F739E620C}.Release|Any CPU.ActiveCfg = Release|Any CPU
		{92BA9002-253C-4AE2-8DF8-A99F739E620C}.Release|Any CPU.Build.0 = Release|Any CPU
		{75151F8F-89B0-4DCD-8DB9-44B910827AB5}.Debug|Any CPU.ActiveCfg = Debug|Any CPU
		{75151F8F-89B0-4DCD-8DB9-44B910827AB5}.Debug|Any CPU.Build.0 = Debug|Any CPU
		{75151F8F-89B0-4DCD-8DB9-44B910827AB5}.Release|Any CPU.ActiveCfg = Release|Any CPU
		{75151F8F-89B0-4DCD-8DB9-44B910827AB5}.Release|Any CPU.Build.0 = Release|Any CPU
	EndGlobalSection
	GlobalSection(SolutionProperties) = preSolution
		HideSolutionNode = FALSE
	EndGlobalSection
	GlobalSection(ExtensibilityGlobals) = postSolution
		SolutionGuid = {8B2885C4-EC02-4002-8F44-F60A540434F8}
	EndGlobalSection
EndGlobal
